<?xml version="1.0" encoding="utf-8"?>
<Project ToolsVersion="4.0" xmlns="http://schemas.microsoft.com/developer/msbuild/2003">
  <ItemGroup>
    <Filter Include="소스 파일">
      <UniqueIdentifier>{4FC737F1-C7A5-4376-A066-2A32D752A2FF}</UniqueIdentifier>
      <Extensions>cpp;c;cc;cxx;c++;def;odl;idl;hpj;bat;asm;asmx</Extensions>
    </Filter>
    <Filter Include="헤더 파일">
      <UniqueIdentifier>{93995380-89BD-4b04-88EB-625FBE52EBFB}</UniqueIdentifier>
      <Extensions>h;hh;hpp;hxx;h++;hm;inl;inc;ipp;xsd</Extensions>
    </Filter>
    <Filter Include="리소스 파일">
      <UniqueIdentifier>{67DA6AB6-F800-4c08-8B7A-83BB121AAD01}</UniqueIdentifier>
      <Extensions>rc;ico;cur;bmp;dlg;rc2;rct;bin;rgs;gif;jpg;jpeg;jpe;resx;tiff;tif;png;wav;mfcribbon-ms</Extensions>
    </Filter>
    <Filter Include="소스 파일\분할 정복">
      <UniqueIdentifier>{0a12f785-028e-4133-89af-a0ba30ddf3da}</UniqueIdentifier>
    </Filter>
    <Filter Include="소스 파일\브루트포스">
      <UniqueIdentifier>{1571dc5d-6da2-47fc-b7b1-b2762ab8a4e7}</UniqueIdentifier>
    </Filter>
    <Filter Include="소스 파일\동적계획법">
      <UniqueIdentifier>{defe4394-7dd3-4835-9cde-afd10c8f8037}</UniqueIdentifier>
    </Filter>
    <Filter Include="소스 파일\탐욕법">
      <UniqueIdentifier>{57c09377-1162-4616-8172-5c0b6260cb1c}</UniqueIdentifier>
    </Filter>
    <Filter Include="소스 파일\큐,스텍,덱">
      <UniqueIdentifier>{7677ffdb-9368-4da2-9017-8f802bb8de26}</UniqueIdentifier>
    </Filter>
    <Filter Include="소스 파일\트리">
      <UniqueIdentifier>{3e1d3af7-6f5f-4fd1-b193-4b512abe972c}</UniqueIdentifier>
    </Filter>
    <Filter Include="소스 파일\우선순위 큐, 힙">
      <UniqueIdentifier>{487b4661-dfe1-47f5-b2ec-dafe1b1d219d}</UniqueIdentifier>
    </Filter>
    <Filter Include="소스 파일\오일러서킷,너비우선탐색">
      <UniqueIdentifier>{39d152a8-6593-4b2a-bc64-ba4c65969cdd}</UniqueIdentifier>
    </Filter>
    <Filter Include="소스 파일\깊이우선탐색">
      <UniqueIdentifier>{64491601-6016-4603-a685-47d9b4302c35}</UniqueIdentifier>
    </Filter>
    <Filter Include="소스 파일\최단경로알고리즘">
      <UniqueIdentifier>{55019756-0e28-49fb-88ae-80232b18abee}</UniqueIdentifier>
    </Filter>
    <Filter Include="소스 파일\프로그래머스">
      <UniqueIdentifier>{817d71d8-3f47-4aa8-bfda-7e389dfa382b}</UniqueIdentifier>
    </Filter>
    <Filter Include="소스 파일\문자열">
      <UniqueIdentifier>{46fd6ff5-f4a0-42f1-a571-52a6673e05be}</UniqueIdentifier>
    </Filter>
    <Filter Include="소스 파일\수학">
      <UniqueIdentifier>{85302deb-392e-4b5c-97bd-d9aac56799b8}</UniqueIdentifier>
    </Filter>
    <Filter Include="소스 파일\구현">
      <UniqueIdentifier>{90d0f359-c06e-475d-a6e8-8c4107102313}</UniqueIdentifier>
    </Filter>
    <Filter Include="소스 파일\최소스패닝트리">
      <UniqueIdentifier>{4ebdb13f-5312-4c54-8106-be189bd3ded3}</UniqueIdentifier>
    </Filter>
  </ItemGroup>
  <ItemGroup>
    <ClCompile Include="6.3 소풍.cpp">
      <Filter>소스 파일\브루트포스</Filter>
    </ClCompile>
    <ClCompile Include="6.5 게임판 덮기.cpp">
      <Filter>소스 파일\브루트포스</Filter>
    </ClCompile>
    <ClCompile Include="6.7 외판원 문제.cpp">
      <Filter>소스 파일\브루트포스</Filter>
    </ClCompile>
    <ClCompile Include="12100번 2048.cpp">
      <Filter>소스 파일\브루트포스</Filter>
    </ClCompile>
    <ClCompile Include="보글게임.cpp">
      <Filter>소스 파일\브루트포스</Filter>
    </ClCompile>
    <ClCompile Include="7.3 쿼드 트리 뒤집기.cpp">
      <Filter>소스 파일\분할 정복</Filter>
    </ClCompile>
    <ClCompile Include="7.4 울타리 잘라내기.cpp">
      <Filter>소스 파일\분할 정복</Filter>
    </ClCompile>
    <ClCompile Include="2447번 별찍기 10.cpp">
      <Filter>소스 파일\분할 정복</Filter>
    </ClCompile>
    <ClCompile Include="10830번 행렬 곱셈cpp.cpp">
      <Filter>소스 파일\분할 정복</Filter>
    </ClCompile>
    <ClCompile Include="1992번 쿼드트리.cpp">
      <Filter>소스 파일\분할 정복</Filter>
    </ClCompile>
    <ClCompile Include="1003번 피보나치 함수.cpp">
      <Filter>소스 파일\동적계획법</Filter>
    </ClCompile>
    <ClCompile Include="1463번 1로 만들기.cpp">
      <Filter>소스 파일\동적계획법</Filter>
    </ClCompile>
    <ClCompile Include="1890번 점프.cpp">
      <Filter>소스 파일\동적계획법</Filter>
    </ClCompile>
    <ClCompile Include="2869번 달팽이는 올라가고 싶다.cpp">
      <Filter>소스 파일\동적계획법</Filter>
    </ClCompile>
    <ClCompile Include="11726번 2xN타일링.cpp">
      <Filter>소스 파일\동적계획법</Filter>
    </ClCompile>
    <ClCompile Include="비대칭 타일링.cpp">
      <Filter>소스 파일\동적계획법</Filter>
    </ClCompile>
    <ClCompile Include="삼각형 위의 최대경로.cpp">
      <Filter>소스 파일\동적계획법</Filter>
    </ClCompile>
    <ClCompile Include="외발 뛰기.cpp">
      <Filter>소스 파일\동적계획법</Filter>
    </ClCompile>
    <ClCompile Include="원주율 외우기.cpp">
      <Filter>소스 파일\동적계획법</Filter>
    </ClCompile>
    <ClCompile Include="장마가 찾아왔다.cpp">
      <Filter>소스 파일\동적계획법</Filter>
    </ClCompile>
    <ClCompile Include="최대 증가 부분 수열.cpp">
      <Filter>소스 파일\동적계획법</Filter>
    </ClCompile>
    <ClCompile Include="타일링 방법의 수 세기.cpp">
      <Filter>소스 파일\동적계획법</Filter>
    </ClCompile>
    <ClCompile Include="도시락 데우기.cpp">
      <Filter>소스 파일\탐욕법</Filter>
    </ClCompile>
    <ClCompile Include="1080번 행렬.cpp">
      <Filter>소스 파일\탐욕법</Filter>
    </ClCompile>
    <ClCompile Include="1758번 알바생 강호.cpp">
      <Filter>소스 파일\탐욕법</Filter>
    </ClCompile>
    <ClCompile Include="1931번 회의실 배정.cpp">
      <Filter>소스 파일\탐욕법</Filter>
    </ClCompile>
    <ClCompile Include="1946번 신입사원.cpp">
      <Filter>소스 파일\탐욕법</Filter>
    </ClCompile>
    <ClCompile Include="4796번 캠핑.cpp">
      <Filter>소스 파일\탐욕법</Filter>
    </ClCompile>
    <ClCompile Include="11047번 동전0.cpp">
      <Filter>소스 파일\탐욕법</Filter>
    </ClCompile>
    <ClCompile Include="출전 순서 정하기.cpp">
      <Filter>소스 파일\탐욕법</Filter>
    </ClCompile>
    <ClCompile Include="BRACKETS2.cpp">
      <Filter>소스 파일\큐,스텍,덱</Filter>
    </ClCompile>
    <ClCompile Include="JOSEPHUS.cpp">
      <Filter>소스 파일\큐,스텍,덱</Filter>
    </ClCompile>
    <ClCompile Include="2164번 카드2.cpp">
      <Filter>소스 파일\큐,스텍,덱</Filter>
    </ClCompile>
    <ClCompile Include="3190번 뱀.cpp">
      <Filter>소스 파일\큐,스텍,덱</Filter>
    </ClCompile>
    <ClCompile Include="5430번 AC.cpp">
      <Filter>소스 파일\큐,스텍,덱</Filter>
    </ClCompile>
    <ClCompile Include="9012번 괄호.cpp">
      <Filter>소스 파일\큐,스텍,덱</Filter>
    </ClCompile>
    <ClCompile Include="17298번 오큰수.cpp">
      <Filter>소스 파일\큐,스텍,덱</Filter>
    </ClCompile>
    <ClCompile Include="1068번 트리.cpp">
      <Filter>소스 파일\트리</Filter>
    </ClCompile>
    <ClCompile Include="2263번 트리의 순회.cpp">
      <Filter>소스 파일\트리</Filter>
    </ClCompile>
    <ClCompile Include="4256번 트리.cpp">
      <Filter>소스 파일\트리</Filter>
    </ClCompile>
    <ClCompile Include="5639번 이진 검색 트리.cpp">
      <Filter>소스 파일\트리</Filter>
    </ClCompile>
    <ClCompile Include="9372번 상근이의 여행.cpp">
      <Filter>소스 파일\트리</Filter>
    </ClCompile>
    <ClCompile Include="11437번 LCA.cpp">
      <Filter>소스 파일\트리</Filter>
    </ClCompile>
    <ClCompile Include="TRAVERSAL.cpp">
      <Filter>소스 파일\트리</Filter>
    </ClCompile>
    <ClCompile Include="11725번 트리의 부모찾기.cpp">
      <Filter>소스 파일\트리</Filter>
    </ClCompile>
    <ClCompile Include="1477번 휴게소 세우기.cpp">
      <Filter>소스 파일\우선순위 큐, 힙</Filter>
    </ClCompile>
    <ClCompile Include="1655번 가운데를 말해요.cpp">
      <Filter>소스 파일\우선순위 큐, 힙</Filter>
    </ClCompile>
    <ClCompile Include="1766번 문제집.cpp">
      <Filter>소스 파일\우선순위 큐, 힙</Filter>
    </ClCompile>
    <ClCompile Include="1927번 최소힙.cpp">
      <Filter>소스 파일\우선순위 큐, 힙</Filter>
    </ClCompile>
    <ClCompile Include="2696번 중앙값 구하기.cpp">
      <Filter>소스 파일\우선순위 큐, 힙</Filter>
    </ClCompile>
    <ClCompile Include="RUNNUNGMEDIAN.cpp">
      <Filter>소스 파일\우선순위 큐, 힙</Filter>
    </ClCompile>
    <ClCompile Include="..\..\c++\2021 알고리즘 스터디\2021 알고리즘 스터디\1199번 오일러 회로.cpp">
      <Filter>소스 파일\오일러서킷,너비우선탐색</Filter>
    </ClCompile>
    <ClCompile Include="..\..\c++\2021 알고리즘 스터디\2021 알고리즘 스터디\1260 DFS와 BFS.cpp">
      <Filter>소스 파일\오일러서킷,너비우선탐색</Filter>
    </ClCompile>
    <ClCompile Include="..\..\c++\2021 알고리즘 스터디\2021 알고리즘 스터디\2178번 미로탐색.cpp">
      <Filter>소스 파일\오일러서킷,너비우선탐색</Filter>
    </ClCompile>
    <ClCompile Include="..\..\c++\2021 알고리즘 스터디\2021 알고리즘 스터디\7562번 나이트의 이동.cpp">
      <Filter>소스 파일\오일러서킷,너비우선탐색</Filter>
    </ClCompile>
    <ClCompile Include="..\..\c++\2021 알고리즘 스터디\2021 알고리즘 스터디\7576번 토마토.cpp">
      <Filter>소스 파일\오일러서킷,너비우선탐색</Filter>
    </ClCompile>
    <ClCompile Include="..\..\c++\2021 알고리즘 스터디\2021 알고리즘 스터디\16168번 퍼레이드.cpp">
      <Filter>소스 파일\오일러서킷,너비우선탐색</Filter>
    </ClCompile>
    <ClCompile Include="..\..\c++\2021 알고리즘 스터디\2021 알고리즘 스터디\WORDCHAINcpp.cpp">
      <Filter>소스 파일\오일러서킷,너비우선탐색</Filter>
    </ClCompile>
    <ClCompile Include="..\..\c++\2021 알고리즘 스터디\2021 알고리즘 스터디\1516번 게임개발.cpp">
      <Filter>소스 파일\깊이우선탐색</Filter>
    </ClCompile>
    <ClCompile Include="..\..\c++\2021 알고리즘 스터디\2021 알고리즘 스터디\2529번 부등호.cpp">
      <Filter>소스 파일\깊이우선탐색</Filter>
    </ClCompile>
    <ClCompile Include="..\..\c++\2021 알고리즘 스터디\2021 알고리즘 스터디\4963번 섬의개수.cpp">
      <Filter>소스 파일\깊이우선탐색</Filter>
    </ClCompile>
    <ClCompile Include="..\..\c++\2021 알고리즘 스터디\2021 알고리즘 스터디\11724번 연결요소의 개수.cpp">
      <Filter>소스 파일\깊이우선탐색</Filter>
    </ClCompile>
    <ClCompile Include="..\..\c++\2021 알고리즘 스터디\2021 알고리즘 스터디\DICTIONARY.cpp">
      <Filter>소스 파일\깊이우선탐색</Filter>
    </ClCompile>
    <ClCompile Include="..\..\c++\2021 알고리즘 스터디\2021 알고리즘 스터디\1238번 파티.cpp">
      <Filter>소스 파일\최단경로알고리즘</Filter>
    </ClCompile>
    <ClCompile Include="..\..\c++\2021 알고리즘 스터디\2021 알고리즘 스터디\1261번 알고스팟.cpp">
      <Filter>소스 파일\최단경로알고리즘</Filter>
    </ClCompile>
    <ClCompile Include="..\..\c++\2021 알고리즘 스터디\2021 알고리즘 스터디\1504번 특정한 최단 경로.cpp">
      <Filter>소스 파일\최단경로알고리즘</Filter>
    </ClCompile>
    <ClCompile Include="..\..\c++\2021 알고리즘 스터디\2021 알고리즘 스터디\1753번 최단경로.cpp">
      <Filter>소스 파일\최단경로알고리즘</Filter>
    </ClCompile>
    <ClCompile Include="..\..\c++\2021 알고리즘 스터디\2021 알고리즘 스터디\1916번 최소비용구하기.cpp">
      <Filter>소스 파일\최단경로알고리즘</Filter>
    </ClCompile>
    <ClCompile Include="..\..\c++\2021 알고리즘 스터디\2021 알고리즘 스터디\13549번 숨바꼭질 3.cpp">
      <Filter>소스 파일\최단경로알고리즘</Filter>
    </ClCompile>
    <ClCompile Include="..\..\c++\2021 알고리즘 스터디\2021 알고리즘 스터디\ROUTING.cpp">
      <Filter>소스 파일\최단경로알고리즘</Filter>
    </ClCompile>
    <ClCompile Include="1788번 피보나치 수의 확장.cpp">
      <Filter>소스 파일\동적계획법</Filter>
    </ClCompile>
    <ClCompile Include="9251번 LCS.cpp">
      <Filter>소스 파일\동적계획법</Filter>
    </ClCompile>
    <ClCompile Include="1915번 가장 큰 정사각형.cpp">
      <Filter>소스 파일\동적계획법</Filter>
    </ClCompile>
    <ClCompile Include="10844번 쉬운 계단 수.cpp">
      <Filter>소스 파일\동적계획법</Filter>
    </ClCompile>
    <ClCompile Include="13305번 주유소.cpp">
      <Filter>소스 파일\탐욕법</Filter>
    </ClCompile>
    <ClCompile Include="프로그래머스 - 체육복.cpp">
      <Filter>소스 파일\탐욕법</Filter>
    </ClCompile>
    <ClCompile Include="스킬트리.cpp">
      <Filter>소스 파일\프로그래머스</Filter>
    </ClCompile>
    <ClCompile Include="11722번 가장 긴 감소하는 부분수열.cpp">
      <Filter>소스 파일\동적계획법</Filter>
    </ClCompile>
    <ClCompile Include="1715번 카드 정렬하기.cpp">
      <Filter>소스 파일\탐욕법</Filter>
    </ClCompile>
    <ClCompile Include="1461번 도서관.cpp">
      <Filter>소스 파일\탐욕법</Filter>
    </ClCompile>
    <ClCompile Include="1783번 병든 나이트.cpp">
      <Filter>소스 파일\탐욕법</Filter>
    </ClCompile>
    <ClCompile Include="1339번 단어수학.cpp">
      <Filter>소스 파일\탐욕법</Filter>
    </ClCompile>
    <ClCompile Include="2347번 저울.cpp">
      <Filter>소스 파일\탐욕법</Filter>
    </ClCompile>
    <ClCompile Include="2133번 타일채우기.cpp">
      <Filter>소스 파일\동적계획법</Filter>
    </ClCompile>
    <ClCompile Include="1107번.cpp">
      <Filter>소스 파일\브루트포스</Filter>
    </ClCompile>
    <ClCompile Include="2212번 센서.cpp">
      <Filter>소스 파일\탐욕법</Filter>
    </ClCompile>
    <ClCompile Include="14600번 샤워실 바닥깔기.cpp">
      <Filter>소스 파일\분할 정복</Filter>
    </ClCompile>
    <ClCompile Include="1939번 중량제한.cpp">
      <Filter>소스 파일\분할 정복</Filter>
    </ClCompile>
    <ClCompile Include="11659번 구간합구하기 4 .cpp">
      <Filter>소스 파일\동적계획법</Filter>
    </ClCompile>
    <ClCompile Include="9935번 문자열 폭발.cpp">
      <Filter>소스 파일\문자열</Filter>
    </ClCompile>
    <ClCompile Include="2847번 게임을 만든 동준이.cpp">
      <Filter>소스 파일\탐욕법</Filter>
    </ClCompile>
    <ClCompile Include="11055번 가장 큰 증가 부분수열.cpp">
      <Filter>소스 파일\동적계획법</Filter>
    </ClCompile>
    <ClCompile Include="11051번 이항계수 2.cpp">
      <Filter>소스 파일\동적계획법</Filter>
    </ClCompile>
    <ClCompile Include="2667번 단지번호붙이기.cpp">
      <Filter>소스 파일\오일러서킷,너비우선탐색</Filter>
    </ClCompile>
    <ClCompile Include="2606번 바이러스.cpp">
      <Filter>소스 파일\오일러서킷,너비우선탐색</Filter>
    </ClCompile>
    <ClCompile Include="12865번 평범한 배낭.cpp">
      <Filter>소스 파일\동적계획법</Filter>
    </ClCompile>
    <ClCompile Include="1012번 유기농배추.cpp">
      <Filter>소스 파일\깊이우선탐색</Filter>
    </ClCompile>
    <ClCompile Include="2468번 안전 영역.cpp">
      <Filter>소스 파일\깊이우선탐색</Filter>
    </ClCompile>
    <ClCompile Include="17141번 연구소.cpp">
      <Filter>소스 파일\깊이우선탐색</Filter>
    </ClCompile>
    <ClCompile Include="2583번 영역 구하기.cpp">
      <Filter>소스 파일\깊이우선탐색</Filter>
    </ClCompile>
    <ClCompile Include="7569번 토마토.cpp">
      <Filter>소스 파일\오일러서킷,너비우선탐색</Filter>
    </ClCompile>
    <ClCompile Include="4949번 균형잡힌세상.cpp">
      <Filter>소스 파일\문자열</Filter>
    </ClCompile>
    <ClCompile Include="1316번 그룹단어체커.cpp">
      <Filter>소스 파일\문자열</Filter>
    </ClCompile>
    <ClCompile Include="2294번 동전 2.cpp">
      <Filter>소스 파일\동적계획법</Filter>
    </ClCompile>
    <ClCompile Include="1449번 수리공 항승.cpp">
      <Filter>소스 파일\탐욕법</Filter>
    </ClCompile>
    <ClCompile Include="13460번 구슬탈출 2.cpp">
      <Filter>소스 파일\오일러서킷,너비우선탐색</Filter>
    </ClCompile>
    <ClCompile Include="1753번 최단경로 다시풀어보기.cpp">
      <Filter>소스 파일\최단경로알고리즘</Filter>
    </ClCompile>
    <ClCompile Include="14496번 그대, 그머가 되어.cpp">
      <Filter>소스 파일\최단경로알고리즘</Filter>
    </ClCompile>
    <ClCompile Include="11779번 최소비용구하기2.cpp">
      <Filter>소스 파일\최단경로알고리즘</Filter>
    </ClCompile>
    <ClCompile Include="1987번 알파벳.cpp">
      <Filter>소스 파일\깊이우선탐색</Filter>
    </ClCompile>
    <ClCompile Include="3036번 링.cpp">
      <Filter>소스 파일\수학</Filter>
    </ClCompile>
    <ClCompile Include="1124번 언더프라임.cpp">
      <Filter>소스 파일\수학</Filter>
    </ClCompile>
    <ClCompile Include="11656번 접미사 배열.cpp">
      <Filter>소스 파일\문자열</Filter>
    </ClCompile>
    <ClCompile Include="2302번 극장좌석.cpp">
      <Filter>소스 파일\동적계획법</Filter>
    </ClCompile>
    <ClCompile Include="10773번 제로.cpp">
      <Filter>소스 파일\구현</Filter>
    </ClCompile>
    <ClCompile Include="18352번 특정 거리의 도시 찾기.cpp">
      <Filter>소스 파일\최단경로알고리즘</Filter>
    </ClCompile>
    <ClCompile Include="1922번 네트워크 연결.cpp">
      <Filter>소스 파일\최소스패닝트리</Filter>
    </ClCompile>
    <ClCompile Include="2225번 합분해.cpp">
      <Filter>소스 파일\동적계획법</Filter>
    </ClCompile>
    <ClCompile Include="1697번 숨바꼭질.cpp">
      <Filter>소스 파일\오일러서킷,너비우선탐색</Filter>
    </ClCompile>
    <ClCompile Include="2644번 촌수계산.cpp">
      <Filter>소스 파일\오일러서킷,너비우선탐색</Filter>
    </ClCompile>
    <ClCompile Include="16953번 AB.cpp">
      <Filter>소스 파일\탐욕법</Filter>
    </ClCompile>
    <ClCompile Include="15903번 카드합체놀이.cpp">
      <Filter>소스 파일\탐욕법</Filter>
    </ClCompile>
    <ClCompile Include="15904번 UCPC는 무엇의 약자일까.cpp">
      <Filter>소스 파일\탐욕법</Filter>
    </ClCompile>
    <ClCompile Include="9205번 맥주마시면서 걸어가기.cpp">
      <Filter>소스 파일\오일러서킷,너비우선탐색</Filter>
    </ClCompile>
    <ClCompile Include="11279번 최대힙.cpp">
      <Filter>소스 파일\우선순위 큐, 힙</Filter>
    </ClCompile>
  </ItemGroup>
</Project>